# This file is autogenerated, do not edit; changes may be undone by the next 'dep ensure'.


[[projects]]
  digest = "1:b6d886569181ec96ca83d529f4d6ba0cbf92ace7bb6f633f90c5f34d9bba7aab"
  name = "github.com/blang/semver"
  packages = ["."]
  pruneopts = "UT"
  revision = "ba2c2ddd89069b46a7011d4106f6868f17ee1705"
  version = "v3.6.1"

[[projects]]
  branch = "master"
  digest = "1:60d5a177558e7e6899219861404da7df4ed508c933d8218c73b7e6fc9a4cdf5d"
  name = "github.com/dropseed/deps"
  packages = ["pkg/schema"]
  pruneopts = "UT"
  revision = "3593faf548dec2c7c1e085ac3b8a64e416c348c0"

[solve-meta]
  analyzer-name = "dep"
  analyzer-version = 1
  input-imports = [
    "github.com/blang/semver",
    "github.com/dropseed/deps/pkg/schema",
  ]
  solver-name = "gps-cdcl"
  solver-version = 1
